// !$*UTF8*$!
{
	archiveVersion = 1;
	classes = {
	};
	objectVersion = 50;
	objects = {

/* Begin PBXBuildFile section */
		18A63E8A21BB076B00A3E493 /* AppDelegate.swift in Sources */ = {isa = PBXBuildFile; fileRef = 18A63E8921BB076B00A3E493 /* AppDelegate.swift */; };
		18A63E8C21BB076B00A3E493 /* ViewController.swift in Sources */ = {isa = PBXBuildFile; fileRef = 18A63E8B21BB076B00A3E493 /* ViewController.swift */; };
		18A63E8F21BB076B00A3E493 /* Main.storyboard in Resources */ = {isa = PBXBuildFile; fileRef = 18A63E8D21BB076B00A3E493 /* Main.storyboard */; };
		18A63E9221BB076B00A3E493 /* Hotel_Transylvania.xcdatamodeld in Sources */ = {isa = PBXBuildFile; fileRef = 18A63E9021BB076B00A3E493 /* Hotel_Transylvania.xcdatamodeld */; };
		18A63E9421BB076D00A3E493 /* Assets.xcassets in Resources */ = {isa = PBXBuildFile; fileRef = 18A63E9321BB076D00A3E493 /* Assets.xcassets */; };
		18A63E9721BB076D00A3E493 /* LaunchScreen.storyboard in Resources */ = {isa = PBXBuildFile; fileRef = 18A63E9521BB076D00A3E493 /* LaunchScreen.storyboard */; };
		18A63EA221BB076D00A3E493 /* Hotel_TransylvaniaTests.swift in Sources */ = {isa = PBXBuildFile; fileRef = 18A63EA121BB076D00A3E493 /* Hotel_TransylvaniaTests.swift */; };
		18A63EAD21BB076D00A3E493 /* Hotel_TransylvaniaUITests.swift in Sources */ = {isa = PBXBuildFile; fileRef = 18A63EAC21BB076D00A3E493 /* Hotel_TransylvaniaUITests.swift */; };
		18A63EBF21BB14CF00A3E493 /* Extensions.swift in Sources */ = {isa = PBXBuildFile; fileRef = 18A63EBE21BB14CF00A3E493 /* Extensions.swift */; };
/* End PBXBuildFile section */

/* Begin PBXContainerItemProxy section */
		18A63E9E21BB076D00A3E493 /* PBXContainerItemProxy */ = {
			isa = PBXContainerItemProxy;
			containerPortal = 18A63E7E21BB076B00A3E493 /* Project object */;
			proxyType = 1;
			remoteGlobalIDString = 18A63E8521BB076B00A3E493;
			remoteInfo = "Hotel Transylvania";
		};
		18A63EA921BB076D00A3E493 /* PBXContainerItemProxy */ = {
			isa = PBXContainerItemProxy;
			containerPortal = 18A63E7E21BB076B00A3E493 /* Project object */;
			proxyType = 1;
			remoteGlobalIDString = 18A63E8521BB076B00A3E493;
			remoteInfo = "Hotel Transylvania";
		};
/* End PBXContainerItemProxy section */

/* Begin PBXFileReference section */
		18A63E8621BB076B00A3E493 /* Hotel Transylvania.app */ = {isa = PBXFileReference; explicitFileType = wrapper.application; includeInIndex = 0; path = "Hotel Transylvania.app"; sourceTree = BUILT_PRODUCTS_DIR; };
		18A63E8921BB076B00A3E493 /* AppDelegate.swift */ = {isa = PBXFileReference; lastKnownFileType = sourcecode.swift; path = AppDelegate.swift; sourceTree = "<group>"; };
		18A63E8B21BB076B00A3E493 /* ViewController.swift */ = {isa = PBXFileReference; lastKnownFileType = sourcecode.swift; path = ViewController.swift; sourceTree = "<group>"; };
		18A63E8E21BB076B00A3E493 /* Base */ = {isa = PBXFileReference; lastKnownFileType = file.storyboard; name = Base; path = Base.lproj/Main.storyboard; sourceTree = "<group>"; };
		18A63E9121BB076B00A3E493 /* Hotel_Transylvania.xcdatamodel */ = {isa = PBXFileReference; lastKnownFileType = wrapper.xcdatamodel; path = Hotel_Transylvania.xcdatamodel; sourceTree = "<group>"; };
		18A63E9321BB076D00A3E493 /* Assets.xcassets */ = {isa = PBXFileReference; lastKnownFileType = folder.assetcatalog; path = Assets.xcassets; sourceTree = "<group>"; };
		18A63E9621BB076D00A3E493 /* Base */ = {isa = PBXFileReference; lastKnownFileType = file.storyboard; name = Base; path = Base.lproj/LaunchScreen.storyboard; sourceTree = "<group>"; };
		18A63E9821BB076D00A3E493 /* Info.plist */ = {isa = PBXFileReference; lastKnownFileType = text.plist.xml; path = Info.plist; sourceTree = "<group>"; };
		18A63E9D21BB076D00A3E493 /* Hotel TransylvaniaTests.xctest */ = {isa = PBXFileReference; explicitFileType = wrapper.cfbundle; includeInIndex = 0; path = "Hotel TransylvaniaTests.xctest"; sourceTree = BUILT_PRODUCTS_DIR; };
		18A63EA121BB076D00A3E493 /* Hotel_TransylvaniaTests.swift */ = {isa = PBXFileReference; lastKnownFileType = sourcecode.swift; path = Hotel_TransylvaniaTests.swift; sourceTree = "<group>"; };
		18A63EA321BB076D00A3E493 /* Info.plist */ = {isa = PBXFileReference; lastKnownFileType = text.plist.xml; path = Info.plist; sourceTree = "<group>"; };
		18A63EA821BB076D00A3E493 /* Hotel TransylvaniaUITests.xctest */ = {isa = PBXFileReference; explicitFileType = wrapper.cfbundle; includeInIndex = 0; path = "Hotel TransylvaniaUITests.xctest"; sourceTree = BUILT_PRODUCTS_DIR; };
		18A63EAC21BB076D00A3E493 /* Hotel_TransylvaniaUITests.swift */ = {isa = PBXFileReference; lastKnownFileType = sourcecode.swift; path = Hotel_TransylvaniaUITests.swift; sourceTree = "<group>"; };
		18A63EAE21BB076D00A3E493 /* Info.plist */ = {isa = PBXFileReference; lastKnownFileType = text.plist.xml; path = Info.plist; sourceTree = "<group>"; };
		18A63EBE21BB14CF00A3E493 /* Extensions.swift */ = {isa = PBXFileReference; lastKnownFileType = sourcecode.swift; path = Extensions.swift; sourceTree = "<group>"; };
/* End PBXFileReference section */

/* Begin PBXFrameworksBuildPhase section */
		18A63E8321BB076B00A3E493 /* Frameworks */ = {
			isa = PBXFrameworksBuildPhase;
			buildActionMask = 2147483647;
			files = (
			);
			runOnlyForDeploymentPostprocessing = 0;
		};
		18A63E9A21BB076D00A3E493 /* Frameworks */ = {
			isa = PBXFrameworksBuildPhase;
			buildActionMask = 2147483647;
			files = (
			);
			runOnlyForDeploymentPostprocessing = 0;
		};
		18A63EA521BB076D00A3E493 /* Frameworks */ = {
			isa = PBXFrameworksBuildPhase;
			buildActionMask = 2147483647;
			files = (
			);
			runOnlyForDeploymentPostprocessing = 0;
		};
/* End PBXFrameworksBuildPhase section */

/* Begin PBXGroup section */
		18A63E7D21BB076B00A3E493 = {
			isa = PBXGroup;
			children = (
				18A63E8821BB076B00A3E493 /* Hotel Transylvania */,
				18A63EA021BB076D00A3E493 /* Hotel TransylvaniaTests */,
				18A63EAB21BB076D00A3E493 /* Hotel TransylvaniaUITests */,
				18A63E8721BB076B00A3E493 /* Products */,
			);
			sourceTree = "<group>";
		};
		18A63E8721BB076B00A3E493 /* Products */ = {
			isa = PBXGroup;
			children = (
				18A63E8621BB076B00A3E493 /* Hotel Transylvania.app */,
				18A63E9D21BB076D00A3E493 /* Hotel TransylvaniaTests.xctest */,
				18A63EA821BB076D00A3E493 /* Hotel TransylvaniaUITests.xctest */,
			);
			name = Products;
			sourceTree = "<group>";
		};
		18A63E8821BB076B00A3E493 /* Hotel Transylvania */ = {
			isa = PBXGroup;
			children = (
				18A63EBD21BB148D00A3E493 /* Supporting Files */,
				18A63EBA21BB121100A3E493 /* Model */,
				18A63EBB21BB121A00A3E493 /* View */,
				18A63EBC21BB122400A3E493 /* Controller */,
				18A63E8921BB076B00A3E493 /* AppDelegate.swift */,
				18A63E8D21BB076B00A3E493 /* Main.storyboard */,
				18A63E9321BB076D00A3E493 /* Assets.xcassets */,
				18A63E9521BB076D00A3E493 /* LaunchScreen.storyboard */,
				18A63E9821BB076D00A3E493 /* Info.plist */,
				18A63E9021BB076B00A3E493 /* Hotel_Transylvania.xcdatamodeld */,
			);
			path = "Hotel Transylvania";
			sourceTree = "<group>";
		};
		18A63EA021BB076D00A3E493 /* Hotel TransylvaniaTests */ = {
			isa = PBXGroup;
			children = (
				18A63EA121BB076D00A3E493 /* Hotel_TransylvaniaTests.swift */,
				18A63EA321BB076D00A3E493 /* Info.plist */,
			);
			path = "Hotel TransylvaniaTests";
			sourceTree = "<group>";
		};
		18A63EAB21BB076D00A3E493 /* Hotel TransylvaniaUITests */ = {
			isa = PBXGroup;
			children = (
				18A63EAC21BB076D00A3E493 /* Hotel_TransylvaniaUITests.swift */,
				18A63EAE21BB076D00A3E493 /* Info.plist */,
			);
			path = "Hotel TransylvaniaUITests";
			sourceTree = "<group>";
		};
		18A63EBA21BB121100A3E493 /* Model */ = {
			isa = PBXGroup;
			children = (
			);
			path = Model;
			sourceTree = "<group>";
		};
		18A63EBB21BB121A00A3E493 /* View */ = {
			isa = PBXGroup;
			children = (
			);
			path = View;
			sourceTree = "<group>";
		};
		18A63EBC21BB122400A3E493 /* Controller */ = {
			isa = PBXGroup;
			children = (
				18A63E8B21BB076B00A3E493 /* ViewController.swift */,
			);
			path = Controller;
			sourceTree = "<group>";
		};
		18A63EBD21BB148D00A3E493 /* Supporting Files */ = {
			isa = PBXGroup;
			children = (
				18A63EBE21BB14CF00A3E493 /* Extensions.swift */,
			);
			path = "Supporting Files";
			sourceTree = "<group>";
		};
/* End PBXGroup section */

/* Begin PBXNativeTarget section */
		18A63E8521BB076B00A3E493 /* Hotel Transylvania */ = {
			isa = PBXNativeTarget;
			buildConfigurationList = 18A63EB121BB076D00A3E493 /* Build configuration list for PBXNativeTarget "Hotel Transylvania" */;
			buildPhases = (
				18A63E8221BB076B00A3E493 /* Sources */,
				18A63E8321BB076B00A3E493 /* Frameworks */,
				18A63E8421BB076B00A3E493 /* Resources */,
			);
			buildRules = (
			);
			dependencies = (
			);
			name = "Hotel Transylvania";
			productName = "Hotel Transylvania";
			productReference = 18A63E8621BB076B00A3E493 /* Hotel Transylvania.app */;
			productType = "com.apple.product-type.application";
		};
		18A63E9C21BB076D00A3E493 /* Hotel TransylvaniaTests */ = {
			isa = PBXNativeTarget;
			buildConfigurationList = 18A63EB421BB076D00A3E493 /* Build configuration list for PBXNativeTarget "Hotel TransylvaniaTests" */;
			buildPhases = (
				18A63E9921BB076D00A3E493 /* Sources */,
				18A63E9A21BB076D00A3E493 /* Frameworks */,
				18A63E9B21BB076D00A3E493 /* Resources */,
			);
			buildRules = (
			);
			dependencies = (
				18A63E9F21BB076D00A3E493 /* PBXTargetDependency */,
			);
			name = "Hotel TransylvaniaTests";
			productName = "Hotel TransylvaniaTests";
			productReference = 18A63E9D21BB076D00A3E493 /* Hotel TransylvaniaTests.xctest */;
			productType = "com.apple.product-type.bundle.unit-test";
		};
		18A63EA721BB076D00A3E493 /* Hotel TransylvaniaUITests */ = {
			isa = PBXNativeTarget;
			buildConfigurationList = 18A63EB721BB076D00A3E493 /* Build configuration list for PBXNativeTarget "Hotel TransylvaniaUITests" */;
			buildPhases = (
				18A63EA421BB076D00A3E493 /* Sources */,
				18A63EA521BB076D00A3E493 /* Frameworks */,
				18A63EA621BB076D00A3E493 /* Resources */,
			);
			buildRules = (
			);
			dependencies = (
				18A63EAA21BB076D00A3E493 /* PBXTargetDependency */,
			);
			name = "Hotel TransylvaniaUITests";
			productName = "Hotel TransylvaniaUITests";
			productReference = 18A63EA821BB076D00A3E493 /* Hotel TransylvaniaUITests.xctest */;
			productType = "com.apple.product-type.bundle.ui-testing";
		};
/* End PBXNativeTarget section */

/* Begin PBXProject section */
		18A63E7E21BB076B00A3E493 /* Project object */ = {
			isa = PBXProject;
			attributes = {
				LastSwiftUpdateCheck = 1010;
				LastUpgradeCheck = 1010;
				ORGANIZATIONNAME = apple;
				TargetAttributes = {
					18A63E8521BB076B00A3E493 = {
						CreatedOnToolsVersion = 10.1;
					};
					18A63E9C21BB076D00A3E493 = {
						CreatedOnToolsVersion = 10.1;
						TestTargetID = 18A63E8521BB076B00A3E493;
					};
					18A63EA721BB076D00A3E493 = {
						CreatedOnToolsVersion = 10.1;
						TestTargetID = 18A63E8521BB076B00A3E493;
					};
				};
			};
			buildConfigurationList = 18A63E8121BB076B00A3E493 /* Build configuration list for PBXProject "Hotel Transylvania" */;
			compatibilityVersion = "Xcode 9.3";
			developmentRegion = en;
			hasScannedForEncodings = 0;
			knownRegions = (
				en,
				Base,
			);
			mainGroup = 18A63E7D21BB076B00A3E493;
			productRefGroup = 18A63E8721BB076B00A3E493 /* Products */;
			projectDirPath = "";
			projectRoot = "";
			targets = (
				18A63E8521BB076B00A3E493 /* Hotel Transylvania */,
				18A63E9C21BB076D00A3E493 /* Hotel TransylvaniaTests */,
				18A63EA721BB076D00A3E493 /* Hotel TransylvaniaUITests */,
			);
		};
/* End PBXProject section */

/* Begin PBXResourcesBuildPhase section */
		18A63E8421BB076B00A3E493 /* Resources */ = {
			isa = PBXResourcesBuildPhase;
			buildActionMask = 2147483647;
			files = (
				18A63E9721BB076D00A3E493 /* LaunchScreen.storyboard in Resources */,
				18A63E9421BB076D00A3E493 /* Assets.xcassets in Resources */,
				18A63E8F21BB076B00A3E493 /* Main.storyboard in Resources */,
			);
			runOnlyForDeploymentPostprocessing = 0;
		};
		18A63E9B21BB076D00A3E493 /* Resources */ = {
			isa = PBXResourcesBuildPhase;
			buildActionMask = 2147483647;
			files = (
			);
			runOnlyForDeploymentPostprocessing = 0;
		};
		18A63EA621BB076D00A3E493 /* Resources */ = {
			isa = PBXResourcesBuildPhase;
			buildActionMask = 2147483647;
			files = (
			);
			runOnlyForDeploymentPostprocessing = 0;
		};
/* End PBXResourcesBuildPhase section */

/* Begin PBXSourcesBuildPhase section */
		18A63E8221BB076B00A3E493 /* Sources */ = {
			isa = PBXSourcesBuildPhase;
			buildActionMask = 2147483647;
			files = (
				18A63E8C21BB076B00A3E493 /* ViewController.swift in Sources */,
				18A63E8A21BB076B00A3E493 /* AppDelegate.swift in Sources */,
				18A63E9221BB076B00A3E493 /* Hotel_Transylvania.xcdatamodeld in Sources */,
				18A63EBF21BB14CF00A3E493 /* Extensions.swift in Sources */,
			);
			runOnlyForDeploymentPostprocessing = 0;
		};
		18A63E9921BB076D00A3E493 /* Sources */ = {
			isa = PBXSourcesBuildPhase;
			buildActionMask = 2147483647;
			files = (
				18A63EA221BB076D00A3E493 /* Hotel_TransylvaniaTests.swift in Sources */,
			);
			runOnlyForDeploymentPostprocessing = 0;
		};
		18A63EA421BB076D00A3E493 /* Sources */ = {
			isa = PBXSourcesBuildPhase;
			buildActionMask = 2147483647;
			files = (
				18A63EAD21BB076D00A3E493 /* Hotel_TransylvaniaUITests.swift in Sources */,
			);
			runOnlyForDeploymentPostprocessing = 0;
		};
/* End PBXSourcesBuildPhase section */

/* Begin PBXTargetDependency section */
		18A63E9F21BB076D00A3E493 /* PBXTargetDependency */ = {
			isa = PBXTargetDependency;
			target = 18A63E8521BB076B00A3E493 /* Hotel Transylvania */;
			targetProxy = 18A63E9E21BB076D00A3E493 /* PBXContainerItemProxy */;
		};
		18A63EAA21BB076D00A3E493 /* PBXTargetDependency */ = {
			isa = PBXTargetDependency;
			target = 18A63E8521BB076B00A3E493 /* Hotel Transylvania */;
			targetProxy = 18A63EA921BB076D00A3E493 /* PBXContainerItemProxy */;
		};
/* End PBXTargetDependency section */

/* Begin PBXVariantGroup section */
		18A63E8D21BB076B00A3E493 /* Main.storyboard */ = {
			isa = PBXVariantGroup;
			children = (
				18A63E8E21BB076B00A3E493 /* Base */,
			);
			name = Main.storyboard;
			sourceTree = "<group>";
		};
		18A63E9521BB076D00A3E493 /* LaunchScreen.storyboard */ = {
			isa = PBXVariantGroup;
			children = (
				18A63E9621BB076D00A3E493 /* Base */,
			);
			name = LaunchScreen.storyboard;
			sourceTree = "<group>";
		};
/* End PBXVariantGroup section */

/* Begin XCBuildConfiguration section */
		18A63EAF21BB076D00A3E493 /* Debug */ = {
			isa = XCBuildConfiguration;
			buildSettings = {
				ALWAYS_SEARCH_USER_PATHS = NO;
				CLANG_ANALYZER_NONNULL = YES;
				CLANG_ANALYZER_NUMBER_OBJECT_CONVERSION = YES_AGGRESSIVE;
				CLANG_CXX_LANGUAGE_STANDARD = "gnu++14";
				CLANG_CXX_LIBRARY = "libc++";
				CLANG_ENABLE_MODULES = YES;
				CLANG_ENABLE_OBJC_ARC = YES;
				CLANG_ENABLE_OBJC_WEAK = YES;
				CLANG_WARN_BLOCK_CAPTURE_AUTORELEASING = YES;
				CLANG_WARN_BOOL_CONVERSION = YES;
				CLANG_WARN_COMMA = YES;
				CLANG_WARN_CONSTANT_CONVERSION = YES;
				CLANG_WARN_DEPRECATED_OBJC_IMPLEMENTATIONS = YES;
				CLANG_WARN_DIRECT_OBJC_ISA_USAGE = YES_ERROR;
				CLANG_WARN_DOCUMENTATION_COMMENTS = YES;
				CLANG_WARN_EMPTY_BODY = YES;
				CLANG_WARN_ENUM_CONVERSION = YES;
				CLANG_WARN_INFINITE_RECURSION = YES;
				CLANG_WARN_INT_CONVERSION = YES;
				CLANG_WARN_NON_LITERAL_NULL_CONVERSION = YES;
				CLANG_WARN_OBJC_IMPLICIT_RETAIN_SELF = YES;
				CLANG_WARN_OBJC_LITERAL_CONVERSION = YES;
				CLANG_WARN_OBJC_ROOT_CLASS = YES_ERROR;
				CLANG_WARN_RANGE_LOOP_ANALYSIS = YES;
				CLANG_WARN_STRICT_PROTOTYPES = YES;
				CLANG_WARN_SUSPICIOUS_MOVE = YES;
				CLANG_WARN_UNGUARDED_AVAILABILITY = YES_AGGRESSIVE;
				CLANG_WARN_UNREACHABLE_CODE = YES;
				CLANG_WARN__DUPLICATE_METHOD_MATCH = YES;
				CODE_SIGN_IDENTITY = "iPhone Developer";
				COPY_PHASE_STRIP = NO;
				DEBUG_INFORMATION_FORMAT = dwarf;
				ENABLE_STRICT_OBJC_MSGSEND = YES;
				ENABLE_TESTABILITY = YES;
				GCC_C_LANGUAGE_STANDARD = gnu11;
				GCC_DYNAMIC_NO_PIC = NO;
				GCC_NO_COMMON_BLOCKS = YES;
				GCC_OPTIMIZATION_LEVEL = 0;
				GCC_PREPROCESSOR_DEFINITIONS = (
					"DEBUG=1",
					"$(inherited)",
				);
				GCC_WARN_64_TO_32_BIT_CONVERSION = YES;
				GCC_WARN_ABOUT_RETURN_TYPE = YES_ERROR;
				GCC_WARN_UNDECLARED_SELECTOR = YES;
				GCC_WARN_UNINITIALIZED_AUTOS = YES_AGGRESSIVE;
				GCC_WARN_UNUSED_FUNCTION = YES;
				GCC_WARN_UNUSED_VARIABLE = YES;
				IPHONEOS_DEPLOYMENT_TARGET = 12.1;
				MTL_ENABLE_DEBUG_INFO = INCLUDE_SOURCE;
				MTL_FAST_MATH = YES;
				ONLY_ACTIVE_ARCH = YES;
				SDKROOT = iphoneos;
				SWIFT_ACTIVE_COMPILATION_CONDITIONS = DEBUG;
				SWIFT_OPTIMIZATION_LEVEL = "-Onone";
			};
			name = Debug;
		};
		18A63EB021BB076D00A3E493 /* Release */ = {
			isa = XCBuildConfiguration;
			buildSettings = {
				ALWAYS_SEARCH_USER_PATHS = NO;
				CLANG_ANALYZER_NONNULL = YES;
				CLANG_ANALYZER_NUMBER_OBJECT_CONVERSION = YES_AGGRESSIVE;
				CLANG_CXX_LANGUAGE_STANDARD = "gnu++14";
				CLANG_CXX_LIBRARY = "libc++";
				CLANG_ENABLE_MODULES = YES;
				CLANG_ENABLE_OBJC_ARC = YES;
				CLANG_ENABLE_OBJC_WEAK = YES;
				CLANG_WARN_BLOCK_CAPTURE_AUTORELEASING = YES;
				CLANG_WARN_BOOL_CONVERSION = YES;
				CLANG_WARN_COMMA = YES;
				CLANG_WARN_CONSTANT_CONVERSION = YES;
				CLANG_WARN_DEPRECATED_OBJC_IMPLEMENTATIONS = YES;
				CLANG_WARN_DIRECT_OBJC_ISA_USAGE = YES_ERROR;
				CLANG_WARN_DOCUMENTATION_COMMENTS = YES;
				CLANG_WARN_EMPTY_BODY = YES;
				CLANG_WARN_ENUM_CONVERSION = YES;
				CLANG_WARN_INFINITE_RECURSION = YES;
				CLANG_WARN_INT_CONVERSION = YES;
				CLANG_WARN_NON_LITERAL_NULL_CONVERSION = YES;
				CLANG_WARN_OBJC_IMPLICIT_RETAIN_SELF = YES;
				CLANG_WARN_OBJC_LITERAL_CONVERSION = YES;
				CLANG_WARN_OBJC_ROOT_CLASS = YES_ERROR;
				CLANG_WARN_RANGE_LOOP_ANALYSIS = YES;
				CLANG_WARN_STRICT_PROTOTYPES = YES;
				CLANG_WARN_SUSPICIOUS_MOVE = YES;
				CLANG_WARN_UNGUARDED_AVAILABILITY = YES_AGGRESSIVE;
				CLANG_WARN_UNREACHABLE_CODE = YES;
				CLANG_WARN__DUPLICATE_METHOD_MATCH = YES;
				CODE_SIGN_IDENTITY = "iPhone Developer";
				COPY_PHASE_STRIP = NO;
				DEBUG_INFORMATION_FORMAT = "dwarf-with-dsym";
				ENABLE_NS_ASSERTIONS = NO;
				ENABLE_STRICT_OBJC_MSGSEND = YES;
				GCC_C_LANGUAGE_STANDARD = gnu11;
				GCC_NO_COMMON_BLOCKS = YES;
				GCC_WARN_64_TO_32_BIT_CONVERSION = YES;
				GCC_WARN_ABOUT_RETURN_TYPE = YES_ERROR;
				GCC_WARN_UNDECLARED_SELECTOR = YES;
				GCC_WARN_UNINITIALIZED_AUTOS = YES_AGGRESSIVE;
				GCC_WARN_UNUSED_FUNCTION = YES;
				GCC_WARN_UNUSED_VARIABLE = YES;
				IPHONEOS_DEPLOYMENT_TARGET = 12.1;
				MTL_ENABLE_DEBUG_INFO = NO;
				MTL_FAST_MATH = YES;
				SDKROOT = iphoneos;
				SWIFT_COMPILATION_MODE = wholemodule;
				SWIFT_OPTIMIZATION_LEVEL = "-O";
				VALIDATE_PRODUCT = YES;
			};
			name = Release;
		};
		18A63EB221BB076D00A3E493 /* Debug */ = {
			isa = XCBuildConfiguration;
			buildSettings = {
				ASSETCATALOG_COMPILER_APPICON_NAME = AppIcon;
				CODE_SIGN_STYLE = Automatic;
				DEVELOPMENT_TEAM = X388P485RF;
				INFOPLIST_FILE = "Hotel Transylvania/Info.plist";
				LD_RUNPATH_SEARCH_PATHS = (
					"$(inherited)",
					"@executable_path/Frameworks",
				);
				PRODUCT_BUNDLE_IDENTIFIER = "com.goquo.Hotel-Transylvania";
				PRODUCT_NAME = "$(TARGET_NAME)";
				SWIFT_VERSION = 4.2;
				TARGETED_DEVICE_FAMILY = "1,2";
			};
			name = Debug;
		};
		18A63EB321BB076D00A3E493 /* Release */ = {
			isa = XCBuildConfiguration;
			buildSettings = {
				ASSETCATALOG_COMPILER_APPICON_NAME = AppIcon;
				CODE_SIGN_STYLE = Automatic;
				DEVELOPMENT_TEAM = X388P485RF;
				INFOPLIST_FILE = "Hotel Transylvania/Info.plist";
				LD_RUNPATH_SEARCH_PATHS = (
					"$(inherited)",
					"@executable_path/Frameworks",
				);
				PRODUCT_BUNDLE_IDENTIFIER = "com.goquo.Hotel-Transylvania";
				PRODUCT_NAME = "$(TARGET_NAME)";
				SWIFT_VERSION = 4.2;
				TARGETED_DEVICE_FAMILY = "1,2";
			};
			name = Release;
		};
		18A63EB521BB076D00A3E493 /* Debug */ = {
			isa = XCBuildConfiguration;
			buildSettings = {
				ALWAYS_EMBED_SWIFT_STANDARD_LIBRARIES = YES;
				BUNDLE_LOADER = "$(TEST_HOST)";
				CODE_SIGN_STYLE = Automatic;
				DEVELOPMENT_TEAM = X388P485RF;
				INFOPLIST_FILE = "Hotel TransylvaniaTests/Info.plist";
				LD_RUNPATH_SEARCH_PATHS = (
					"$(inherited)",
					"@executable_path/Frameworks",
					"@loader_path/Frameworks",
				);
				PRODUCT_BUNDLE_IDENTIFIER = "com.goquo.Hotel-TransylvaniaTests";
				PRODUCT_NAME = "$(TARGET_NAME)";
				SWIFT_VERSION = 4.2;
				TARGETED_DEVICE_FAMILY = "1,2";
				TEST_HOST = "$(BUILT_PRODUCTS_DIR)/Hotel Transylvania.app/Hotel Transylvania";
			};
			name = Debug;
		};
		18A63EB621BB076D00A3E493 /* Release */ = {
			isa = XCBuildConfiguration;
			buildSettings = {
				ALWAYS_EMBED_SWIFT_STANDARD_LIBRARIES = YES;
				BUNDLE_LOADER = "$(TEST_HOST)";
				CODE_SIGN_STYLE = Automatic;
				DEVELOPMENT_TEAM = X388P485RF;
				INFOPLIST_FILE = "Hotel TransylvaniaTests/Info.plist";
				LD_RUNPATH_SEARCH_PATHS = (
					"$(inherited)",
					"@executable_path/Frameworks",
					"@loader_path/Frameworks",
				);
				PRODUCT_BUNDLE_IDENTIFIER = "com.goquo.Hotel-TransylvaniaTests";
				PRODUCT_NAME = "$(TARGET_NAME)";
				SWIFT_VERSION = 4.2;
				TARGETED_DEVICE_FAMILY = "1,2";
				TEST_HOST = "$(BUILT_PRODUCTS_DIR)/Hotel Transylvania.app/Hotel Transylvania";
			};
			name = Release;
		};
		18A63EB821BB076D00A3E493 /* Debug */ = {
			isa = XCBuildConfiguration;
			buildSettings = {
				ALWAYS_EMBED_SWIFT_STANDARD_LIBRARIES = YES;
				CODE_SIGN_STYLE = Automatic;
				DEVELOPMENT_TEAM = X388P485RF;
				INFOPLIST_FILE = "Hotel TransylvaniaUITests/Info.plist";
				LD_RUNPATH_SEARCH_PATHS = (
					"$(inherited)",
					"@executable_path/Frameworks",
					"@loader_path/Frameworks",
				);
				PRODUCT_BUNDLE_IDENTIFIER = "com.goquo.Hotel-TransylvaniaUITests";
				PRODUCT_NAME = "$(TARGET_NAME)";
				SWIFT_VERSION = 4.2;
				TARGETED_DEVICE_FAMILY = "1,2";
				TEST_TARGET_NAME = "Hotel Transylvania";
			};
			name = Debug;
		};
		18A63EB921BB076D00A3E493 /* Release */ = {
			isa = XCBuildConfiguration;
			buildSettings = {
				ALWAYS_EMBED_SWIFT_STANDARD_LIBRARIES = YES;
				CODE_SIGN_STYLE = Automatic;
				DEVELOPMENT_TEAM = X388P485RF;
				INFOPLIST_FILE = "Hotel TransylvaniaUITests/Info.plist";
				LD_RUNPATH_SEARCH_PATHS = (
					"$(inherited)",
					"@executable_path/Frameworks",
					"@loader_path/Frameworks",
				);
				PRODUCT_BUNDLE_IDENTIFIER = "com.goquo.Hotel-TransylvaniaUITests";
				PRODUCT_NAME = "$(TARGET_NAME)";
				SWIFT_VERSION = 4.2;
				TARGETED_DEVICE_FAMILY = "1,2";
				TEST_TARGET_NAME = "Hotel Transylvania";
			};
			name = Release;
		};
/* End XCBuildConfiguration section */

/* Begin XCConfigurationList section */
		18A63E8121BB076B00A3E493 /* Build configuration list for PBXProject "Hotel Transylvania" */ = {
			isa = XCConfigurationList;
			buildConfigurations = (
				18A63EAF21BB076D00A3E493 /* Debug */,
				18A63EB021BB076D00A3E493 /* Release */,
			);
			defaultConfigurationIsVisible = 0;
			defaultConfigurationName = Release;
		};
		18A63EB121BB076D00A3E493 /* Build configuration list for PBXNativeTarget "Hotel Transylvania" */ = {
			isa = XCConfigurationList;
			buildConfigurations = (
				18A63EB221BB076D00A3E493 /* Debug */,
				18A63EB321BB076D00A3E493 /* Release */,
			);
			defaultConfigurationIsVisible = 0;
			defaultConfigurationName = Release;
		};
		18A63EB421BB076D00A3E493 /* Build configuration list for PBXNativeTarget "Hotel TransylvaniaTests" */ = {
			isa = XCConfigurationList;
			buildConfigurations = (
				18A63EB521BB076D00A3E493 /* Debug */,
				18A63EB621BB076D00A3E493 /* Release */,
			);
			defaultConfigurationIsVisible = 0;
			defaultConfigurationName = Release;
		};
		18A63EB721BB076D00A3E493 /* Build configuration list for PBXNativeTarget "Hotel TransylvaniaUITests" */ = {
			isa = XCConfigurationList;
			buildConfigurations = (
				18A63EB821BB076D00A3E493 /* Debug */,
				18A63EB921BB076D00A3E493 /* Release */,
			);
			defaultConfigurationIsVisible = 0;
			defaultConfigurationName = Release;
		};
/* End XCConfigurationList section */

/* Begin XCVersionGroup section */
		18A63E9021BB076B00A3E493 /* Hotel_Transylvania.xcdatamodeld */ = {
			isa = XCVersionGroup;
			children = (
				18A63E9121BB076B00A3E493 /* Hotel_Transylvania.xcdatamodel */,
			);
			currentVersion = 18A63E9121BB076B00A3E493 /* Hotel_Transylvania.xcdatamodel */;
			path = Hotel_Transylvania.xcdatamodeld;
			sourceTree = "<group>";
			versionGroupType = wrapper.xcdatamodel;
		};
/* End XCVersionGroup section */
	};
	rootObject = 18A63E7E21BB076B00A3E493 /* Project object */;
}
